
Microsoft Visual Studio Solution File, Format Version 12.00
# Visual Studio Version 17
VisualStudioVersion = 17.1.32328.378
MinimumVisualStudioVersion = 10.0.40219.1
Project("{9A19103F-16F7-4668-BE54-9A1E7A4F7556}") = "CommonLayer", "CommonLayer\CommonLayer.csproj", "{37E074EA-BC77-4DF1-8F89-BB5B67772649}"
EndProject
Project("{9A19103F-16F7-4668-BE54-9A1E7A4F7556}") = "RepositoryLayer", "RepositoryLayer\RepositoryLayer.csproj", "{7112F034-5C30-429C-A753-251DED81A140}"
EndProject
Project("{9A19103F-16F7-4668-BE54-9A1E7A4F7556}") = "UserMicroservices", "UserMicroservices\UserMicroservices.csproj", "{68B541A0-13F6-43EF-9962-36C0D33072E7}"
EndProject
Global
	GlobalSection(SolutionConfigurationPlatforms) = preSolution
		Debug|Any CPU = Debug|Any CPU
		Release|Any CPU = Release|Any CPU
	EndGlobalSection
	GlobalSection(ProjectConfigurationPlatforms) = postSolution
		{37E074EA-BC77-4DF1-8F89-BB5B67772649}.Debug|Any CPU.ActiveCfg = Debug|Any CPU
		{37E074EA-BC77-4DF1-8F89-BB5B67772649}.Debug|Any CPU.Build.0 = Debug|Any CPU
		{37E074EA-BC77-4DF1-8F89-BB5B67772649}.Release|Any CPU.ActiveCfg = Release|Any CPU
		{37E074EA-BC77-4DF1-8F89-BB5B67772649}.Release|Any CPU.Build.0 = Release|Any CPU
		{7112F034-5C30-429C-A753-251DED81A140}.Debug|Any CPU.ActiveCfg = Debug|Any CPU
		{7112F034-5C30-429C-A753-251DED81A140}.Debug|Any CPU.Build.0 = Debug|Any CPU
		{7112F034-5C30-429C-A753-251DED81A140}.Release|Any CPU.ActiveCfg = Release|Any CPU
		{7112F034-5C30-429C-A753-251DED81A140}.Release|Any CPU.Build.0 = Release|Any CPU
		{68B541A0-13F6-43EF-9962-36C0D33072E7}.Debug|Any CPU.ActiveCfg = Debug|Any CPU
		{68B541A0-13F6-43EF-9962-36C0D33072E7}.Debug|Any CPU.Build.0 = Debug|Any CPU
		{68B541A0-13F6-43EF-9962-36C0D33072E7}.Release|Any CPU.ActiveCfg = Release|Any CPU
		{68B541A0-13F6-43EF-9962-36C0D33072E7}.Release|Any CPU.Build.0 = Release|Any CPU
	EndGlobalSection
	GlobalSection(SolutionProperties) = preSolution
		HideSolutionNode = FALSE
	EndGlobalSection
	GlobalSection(ExtensibilityGlobals) = postSolution
		SolutionGuid = {D51E46F6-D8F8-4672-921D-24AA425EDC85}
	EndGlobalSection
EndGlobal
